
Microsoft Visual Studio Solution File, Format Version 12.00
# Visual Studio Version 17
VisualStudioVersion = 17.7.34031.279
MinimumVisualStudioVersion = 10.0.40219.1
Project("{FAE04EC0-301F-11D3-BF4B-00C04F79EFBC}") = "Batch2-CICD-MINI Project", "Batch2-CICD-MINI Project\Batch2-CICD-MINI Project.csproj", "{E2314980-608A-4C7F-9DF3-60243B19600E}"
EndProject
Global
	GlobalSection(SolutionConfigurationPlatforms) = preSolution
		Debug|Any CPU = Debug|Any CPU
		Release|Any CPU = Release|Any CPU
	EndGlobalSection
	GlobalSection(ProjectConfigurationPlatforms) = postSolution
		{E2314980-608A-4C7F-9DF3-60243B19600E}.Debug|Any CPU.ActiveCfg = Debug|Any CPU
		{E2314980-608A-4C7F-9DF3-60243B19600E}.Debug|Any CPU.Build.0 = Debug|Any CPU
		{E2314980-608A-4C7F-9DF3-60243B19600E}.Release|Any CPU.ActiveCfg = Release|Any CPU
		{E2314980-608A-4C7F-9DF3-60243B19600E}.Release|Any CPU.Build.0 = Release|Any CPU
	EndGlobalSection
	GlobalSection(SolutionProperties) = preSolution
		HideSolutionNode = FALSE
	EndGlobalSection
	GlobalSection(ExtensibilityGlobals) = postSolution
		SolutionGuid = {FF55F566-39D9-4DC4-9D0C-C3BF6BD7F14A}
	EndGlobalSection
EndGlobal
